
Microsoft Visual Studio Solution File, Format Version 12.00
# Visual Studio 15
VisualStudioVersion = 15.0.28307.438
MinimumVisualStudioVersion = 10.0.40219.1
Project("{FAE04EC0-301F-11D3-BF4B-00C04F79EFBC}") = "P01-VaporWinterSale", "P01-VaporWinterSale\P01-VaporWinterSale.csproj", "{DF1A8337-9B8A-4D60-8B63-335170781B70}"
EndProject
Project("{FAE04EC0-301F-11D3-BF4B-00C04F79EFBC}") = "P02-ActivationKeys", "P02-ActivationKeys\P02-ActivationKeys.csproj", "{5D64B930-ACEF-4AE8-88C5-348D859C009A}"
EndProject
Global
	GlobalSection(SolutionConfigurationPlatforms) = preSolution
		Debug|Any CPU = Debug|Any CPU
		Release|Any CPU = Release|Any CPU
	EndGlobalSection
	GlobalSection(ProjectConfigurationPlatforms) = postSolution
		{DF1A8337-9B8A-4D60-8B63-335170781B70}.Debug|Any CPU.ActiveCfg = Debug|Any CPU
		{DF1A8337-9B8A-4D60-8B63-335170781B70}.Debug|Any CPU.Build.0 = Debug|Any CPU
		{DF1A8337-9B8A-4D60-8B63-335170781B70}.Release|Any CPU.ActiveCfg = Release|Any CPU
		{DF1A8337-9B8A-4D60-8B63-335170781B70}.Release|Any CPU.Build.0 = Release|Any CPU
		{5D64B930-ACEF-4AE8-88C5-348D859C009A}.Debug|Any CPU.ActiveCfg = Debug|Any CPU
		{5D64B930-ACEF-4AE8-88C5-348D859C009A}.Debug|Any CPU.Build.0 = Debug|Any CPU
		{5D64B930-ACEF-4AE8-88C5-348D859C009A}.Release|Any CPU.ActiveCfg = Release|Any CPU
		{5D64B930-ACEF-4AE8-88C5-348D859C009A}.Release|Any CPU.Build.0 = Release|Any CPU
	EndGlobalSection
	GlobalSection(SolutionProperties) = preSolution
		HideSolutionNode = FALSE
	EndGlobalSection
	GlobalSection(ExtensibilityGlobals) = postSolution
		SolutionGuid = {6881B7C3-D2C7-4B6C-9B27-E2380749F702}
	EndGlobalSection
EndGlobal
