
Microsoft Visual Studio Solution File, Format Version 12.00
# Visual Studio 15
VisualStudioVersion = 15.0.28307.572
MinimumVisualStudioVersion = 10.0.40219.1
Project("{FAE04EC0-301F-11D3-BF4B-00C04F79EFBC}") = "P01-Dictionary", "P01-Dictionary\P01-Dictionary.csproj", "{FA5321C2-8A4B-4D0B-9F8D-850F6729BF1F}"
EndProject
Project("{FAE04EC0-301F-11D3-BF4B-00C04F79EFBC}") = "P02-Deciphering", "P02-Deciphering\P02-Deciphering.csproj", "{F2C442F9-F28D-4EDA-9552-2847065AF7F6}"
EndProject
Global
	GlobalSection(SolutionConfigurationPlatforms) = preSolution
		Debug|Any CPU = Debug|Any CPU
		Release|Any CPU = Release|Any CPU
	EndGlobalSection
	GlobalSection(ProjectConfigurationPlatforms) = postSolution
		{FA5321C2-8A4B-4D0B-9F8D-850F6729BF1F}.Debug|Any CPU.ActiveCfg = Debug|Any CPU
		{FA5321C2-8A4B-4D0B-9F8D-850F6729BF1F}.Debug|Any CPU.Build.0 = Debug|Any CPU
		{FA5321C2-8A4B-4D0B-9F8D-850F6729BF1F}.Release|Any CPU.ActiveCfg = Release|Any CPU
		{FA5321C2-8A4B-4D0B-9F8D-850F6729BF1F}.Release|Any CPU.Build.0 = Release|Any CPU
		{F2C442F9-F28D-4EDA-9552-2847065AF7F6}.Debug|Any CPU.ActiveCfg = Debug|Any CPU
		{F2C442F9-F28D-4EDA-9552-2847065AF7F6}.Debug|Any CPU.Build.0 = Debug|Any CPU
		{F2C442F9-F28D-4EDA-9552-2847065AF7F6}.Release|Any CPU.ActiveCfg = Release|Any CPU
		{F2C442F9-F28D-4EDA-9552-2847065AF7F6}.Release|Any CPU.Build.0 = Release|Any CPU
	EndGlobalSection
	GlobalSection(SolutionProperties) = preSolution
		HideSolutionNode = FALSE
	EndGlobalSection
	GlobalSection(ExtensibilityGlobals) = postSolution
		SolutionGuid = {3BDC4AA5-C80E-4F96-82DB-7FC74183583E}
	EndGlobalSection
EndGlobal
