
Microsoft Visual Studio Solution File, Format Version 12.00
# Visual Studio 15
VisualStudioVersion = 15.0.28307.421
MinimumVisualStudioVersion = 10.0.40219.1
Project("{FAE04EC0-301F-11D3-BF4B-00C04F79EFBC}") = "P01-SoftUniCoffeeOrders", "P01-SoftUniCoffeeOrders\P01-SoftUniCoffeeOrders.csproj", "{F2DDAC37-9976-4118-9755-D5936051DB89}"
EndProject
Project("{FAE04EC0-301F-11D3-BF4B-00C04F79EFBC}") = "P02-CommandInterpreter", "P02-CommandInterpreter\P02-CommandInterpreter.csproj", "{7510FC2F-4BE6-4EDD-8D89-473B5D0A35E0}"
EndProject
Project("{FAE04EC0-301F-11D3-BF4B-00C04F79EFBC}") = "P03-RageQuit", "P03-RageQuit\P03-RageQuit.csproj", "{33B583F2-7A65-4E3D-9EBE-078117ABC435}"
EndProject
Project("{FAE04EC0-301F-11D3-BF4B-00C04F79EFBC}") = "P04-Files", "P04-Files\P04-Files.csproj", "{ACC4E5B1-7C08-480C-B461-A3880ED99933}"
EndProject
Global
	GlobalSection(SolutionConfigurationPlatforms) = preSolution
		Debug|Any CPU = Debug|Any CPU
		Release|Any CPU = Release|Any CPU
	EndGlobalSection
	GlobalSection(ProjectConfigurationPlatforms) = postSolution
		{F2DDAC37-9976-4118-9755-D5936051DB89}.Debug|Any CPU.ActiveCfg = Debug|Any CPU
		{F2DDAC37-9976-4118-9755-D5936051DB89}.Debug|Any CPU.Build.0 = Debug|Any CPU
		{F2DDAC37-9976-4118-9755-D5936051DB89}.Release|Any CPU.ActiveCfg = Release|Any CPU
		{F2DDAC37-9976-4118-9755-D5936051DB89}.Release|Any CPU.Build.0 = Release|Any CPU
		{7510FC2F-4BE6-4EDD-8D89-473B5D0A35E0}.Debug|Any CPU.ActiveCfg = Debug|Any CPU
		{7510FC2F-4BE6-4EDD-8D89-473B5D0A35E0}.Debug|Any CPU.Build.0 = Debug|Any CPU
		{7510FC2F-4BE6-4EDD-8D89-473B5D0A35E0}.Release|Any CPU.ActiveCfg = Release|Any CPU
		{7510FC2F-4BE6-4EDD-8D89-473B5D0A35E0}.Release|Any CPU.Build.0 = Release|Any CPU
		{33B583F2-7A65-4E3D-9EBE-078117ABC435}.Debug|Any CPU.ActiveCfg = Debug|Any CPU
		{33B583F2-7A65-4E3D-9EBE-078117ABC435}.Debug|Any CPU.Build.0 = Debug|Any CPU
		{33B583F2-7A65-4E3D-9EBE-078117ABC435}.Release|Any CPU.ActiveCfg = Release|Any CPU
		{33B583F2-7A65-4E3D-9EBE-078117ABC435}.Release|Any CPU.Build.0 = Release|Any CPU
		{ACC4E5B1-7C08-480C-B461-A3880ED99933}.Debug|Any CPU.ActiveCfg = Debug|Any CPU
		{ACC4E5B1-7C08-480C-B461-A3880ED99933}.Debug|Any CPU.Build.0 = Debug|Any CPU
		{ACC4E5B1-7C08-480C-B461-A3880ED99933}.Release|Any CPU.ActiveCfg = Release|Any CPU
		{ACC4E5B1-7C08-480C-B461-A3880ED99933}.Release|Any CPU.Build.0 = Release|Any CPU
	EndGlobalSection
	GlobalSection(SolutionProperties) = preSolution
		HideSolutionNode = FALSE
	EndGlobalSection
	GlobalSection(ExtensibilityGlobals) = postSolution
		SolutionGuid = {FBFA6419-A5D4-4D85-A91E-6DCED5339769}
	EndGlobalSection
EndGlobal
