
Microsoft Visual Studio Solution File, Format Version 12.00
# Visual Studio 15
VisualStudioVersion = 15.0.28307.329
MinimumVisualStudioVersion = 10.0.40219.1
Project("{FAE04EC0-301F-11D3-BF4B-00C04F79EFBC}") = "P01-DataTypes", "P01-DataTypes\P01-DataTypes.csproj", "{E52EF739-A595-4453-B806-E286FA072220}"
EndProject
Project("{FAE04EC0-301F-11D3-BF4B-00C04F79EFBC}") = "P02-CenterPoint", "P02-CenterPoint\P02-CenterPoint.csproj", "{8A2DC052-D4B4-4A65-B4E9-0B092A8C34DF}"
EndProject
Project("{FAE04EC0-301F-11D3-BF4B-00C04F79EFBC}") = "LongerLine", "LongerLine\LongerLine.csproj", "{35DAA88F-1EFD-4C97-AE3C-BC306B6C1173}"
EndProject
Project("{FAE04EC0-301F-11D3-BF4B-00C04F79EFBC}") = "P04-Tribonacci Sequence", "P04-Tribonacci Sequence\P04-Tribonacci Sequence.csproj", "{396781F8-BB5C-4BEA-AB71-4EE628A1761A}"
EndProject
Project("{FAE04EC0-301F-11D3-BF4B-00C04F79EFBC}") = "P05-MultiplicationSign", "P05-MultiplicationSign\P05-MultiplicationSign.csproj", "{A118DEB3-6230-4565-B01C-B59910F5B241}"
EndProject
Global
	GlobalSection(SolutionConfigurationPlatforms) = preSolution
		Debug|Any CPU = Debug|Any CPU
		Release|Any CPU = Release|Any CPU
	EndGlobalSection
	GlobalSection(ProjectConfigurationPlatforms) = postSolution
		{E52EF739-A595-4453-B806-E286FA072220}.Debug|Any CPU.ActiveCfg = Debug|Any CPU
		{E52EF739-A595-4453-B806-E286FA072220}.Debug|Any CPU.Build.0 = Debug|Any CPU
		{E52EF739-A595-4453-B806-E286FA072220}.Release|Any CPU.ActiveCfg = Release|Any CPU
		{E52EF739-A595-4453-B806-E286FA072220}.Release|Any CPU.Build.0 = Release|Any CPU
		{8A2DC052-D4B4-4A65-B4E9-0B092A8C34DF}.Debug|Any CPU.ActiveCfg = Debug|Any CPU
		{8A2DC052-D4B4-4A65-B4E9-0B092A8C34DF}.Debug|Any CPU.Build.0 = Debug|Any CPU
		{8A2DC052-D4B4-4A65-B4E9-0B092A8C34DF}.Release|Any CPU.ActiveCfg = Release|Any CPU
		{8A2DC052-D4B4-4A65-B4E9-0B092A8C34DF}.Release|Any CPU.Build.0 = Release|Any CPU
		{35DAA88F-1EFD-4C97-AE3C-BC306B6C1173}.Debug|Any CPU.ActiveCfg = Debug|Any CPU
		{35DAA88F-1EFD-4C97-AE3C-BC306B6C1173}.Debug|Any CPU.Build.0 = Debug|Any CPU
		{35DAA88F-1EFD-4C97-AE3C-BC306B6C1173}.Release|Any CPU.ActiveCfg = Release|Any CPU
		{35DAA88F-1EFD-4C97-AE3C-BC306B6C1173}.Release|Any CPU.Build.0 = Release|Any CPU
		{396781F8-BB5C-4BEA-AB71-4EE628A1761A}.Debug|Any CPU.ActiveCfg = Debug|Any CPU
		{396781F8-BB5C-4BEA-AB71-4EE628A1761A}.Debug|Any CPU.Build.0 = Debug|Any CPU
		{396781F8-BB5C-4BEA-AB71-4EE628A1761A}.Release|Any CPU.ActiveCfg = Release|Any CPU
		{396781F8-BB5C-4BEA-AB71-4EE628A1761A}.Release|Any CPU.Build.0 = Release|Any CPU
		{A118DEB3-6230-4565-B01C-B59910F5B241}.Debug|Any CPU.ActiveCfg = Debug|Any CPU
		{A118DEB3-6230-4565-B01C-B59910F5B241}.Debug|Any CPU.Build.0 = Debug|Any CPU
		{A118DEB3-6230-4565-B01C-B59910F5B241}.Release|Any CPU.ActiveCfg = Release|Any CPU
		{A118DEB3-6230-4565-B01C-B59910F5B241}.Release|Any CPU.Build.0 = Release|Any CPU
	EndGlobalSection
	GlobalSection(SolutionProperties) = preSolution
		HideSolutionNode = FALSE
	EndGlobalSection
	GlobalSection(ExtensibilityGlobals) = postSolution
		SolutionGuid = {3FEA679F-58E2-4632-A921-27339AF42FEE}
	EndGlobalSection
EndGlobal
