
Microsoft Visual Studio Solution File, Format Version 12.00
# Visual Studio 15
VisualStudioVersion = 15.0.28307.438
MinimumVisualStudioVersion = 10.0.40219.1
Project("{9A19103F-16F7-4668-BE54-9A1E7A4F7556}") = "P01-SoftUniReception", "P01-SoftUniReception\P01-SoftUniReception.csproj", "{01D3702F-F0C3-4C0E-A6EA-CEDCE8CB7EC0}"
EndProject
Project("{9A19103F-16F7-4668-BE54-9A1E7A4F7556}") = "P02-SoftUniCoursePlanning", "P02-SoftUniCoursePlanning\P02-SoftUniCoursePlanning.csproj", "{5DB06861-589A-4971-88D7-3275493AAB56}"
EndProject
Project("{FAE04EC0-301F-11D3-BF4B-00C04F79EFBC}") = "P03-SoftuniBarIncome", "P03-SoftuniBarIncome\P03-SoftuniBarIncome.csproj", "{FEDF0E2A-363C-4228-B73B-ABB8050AC3B3}"
EndProject
Project("{FAE04EC0-301F-11D3-BF4B-00C04F79EFBC}") = "P04-SoftuniExamResults", "P04-SoftuniExamResults\P04-SoftuniExamResults.csproj", "{585B9A76-2B2C-468C-BEF3-32C8E2E05BEE}"
EndProject
Global
	GlobalSection(SolutionConfigurationPlatforms) = preSolution
		Debug|Any CPU = Debug|Any CPU
		Release|Any CPU = Release|Any CPU
	EndGlobalSection
	GlobalSection(ProjectConfigurationPlatforms) = postSolution
		{01D3702F-F0C3-4C0E-A6EA-CEDCE8CB7EC0}.Debug|Any CPU.ActiveCfg = Debug|Any CPU
		{01D3702F-F0C3-4C0E-A6EA-CEDCE8CB7EC0}.Debug|Any CPU.Build.0 = Debug|Any CPU
		{01D3702F-F0C3-4C0E-A6EA-CEDCE8CB7EC0}.Release|Any CPU.ActiveCfg = Release|Any CPU
		{01D3702F-F0C3-4C0E-A6EA-CEDCE8CB7EC0}.Release|Any CPU.Build.0 = Release|Any CPU
		{5DB06861-589A-4971-88D7-3275493AAB56}.Debug|Any CPU.ActiveCfg = Debug|Any CPU
		{5DB06861-589A-4971-88D7-3275493AAB56}.Debug|Any CPU.Build.0 = Debug|Any CPU
		{5DB06861-589A-4971-88D7-3275493AAB56}.Release|Any CPU.ActiveCfg = Release|Any CPU
		{5DB06861-589A-4971-88D7-3275493AAB56}.Release|Any CPU.Build.0 = Release|Any CPU
		{FEDF0E2A-363C-4228-B73B-ABB8050AC3B3}.Debug|Any CPU.ActiveCfg = Debug|Any CPU
		{FEDF0E2A-363C-4228-B73B-ABB8050AC3B3}.Debug|Any CPU.Build.0 = Debug|Any CPU
		{FEDF0E2A-363C-4228-B73B-ABB8050AC3B3}.Release|Any CPU.ActiveCfg = Release|Any CPU
		{FEDF0E2A-363C-4228-B73B-ABB8050AC3B3}.Release|Any CPU.Build.0 = Release|Any CPU
		{585B9A76-2B2C-468C-BEF3-32C8E2E05BEE}.Debug|Any CPU.ActiveCfg = Debug|Any CPU
		{585B9A76-2B2C-468C-BEF3-32C8E2E05BEE}.Debug|Any CPU.Build.0 = Debug|Any CPU
		{585B9A76-2B2C-468C-BEF3-32C8E2E05BEE}.Release|Any CPU.ActiveCfg = Release|Any CPU
		{585B9A76-2B2C-468C-BEF3-32C8E2E05BEE}.Release|Any CPU.Build.0 = Release|Any CPU
	EndGlobalSection
	GlobalSection(SolutionProperties) = preSolution
		HideSolutionNode = FALSE
	EndGlobalSection
	GlobalSection(ExtensibilityGlobals) = postSolution
		SolutionGuid = {81E4D1CA-6EA2-4DA3-A34A-60FC266A5F99}
	EndGlobalSection
EndGlobal
