
Microsoft Visual Studio Solution File, Format Version 12.00
# Visual Studio 15
VisualStudioVersion = 15.0.28307.271
MinimumVisualStudioVersion = 10.0.40219.1
Project("{9A19103F-16F7-4668-BE54-9A1E7A4F7556}") = "Christmas Spirit", "Christmas Spirit\Christmas Spirit.csproj", "{DCECE499-9E46-4D5D-96B9-82873D7F6D10}"
EndProject
Project("{FAE04EC0-301F-11D3-BF4B-00C04F79EFBC}") = "Santa'sList", "Santa'sList\Santa'sList.csproj", "{64D405B0-C372-4314-80AD-33058A90D813}"
EndProject
Project("{FAE04EC0-301F-11D3-BF4B-00C04F79EFBC}") = "PresentDelivery", "PresentDelivery\PresentDelivery.csproj", "{0B124DD3-6141-4A7E-936A-07D0CE0994EE}"
EndProject
Global
	GlobalSection(SolutionConfigurationPlatforms) = preSolution
		Debug|Any CPU = Debug|Any CPU
		Release|Any CPU = Release|Any CPU
	EndGlobalSection
	GlobalSection(ProjectConfigurationPlatforms) = postSolution
		{DCECE499-9E46-4D5D-96B9-82873D7F6D10}.Debug|Any CPU.ActiveCfg = Debug|Any CPU
		{DCECE499-9E46-4D5D-96B9-82873D7F6D10}.Debug|Any CPU.Build.0 = Debug|Any CPU
		{DCECE499-9E46-4D5D-96B9-82873D7F6D10}.Release|Any CPU.ActiveCfg = Release|Any CPU
		{DCECE499-9E46-4D5D-96B9-82873D7F6D10}.Release|Any CPU.Build.0 = Release|Any CPU
		{64D405B0-C372-4314-80AD-33058A90D813}.Debug|Any CPU.ActiveCfg = Debug|Any CPU
		{64D405B0-C372-4314-80AD-33058A90D813}.Debug|Any CPU.Build.0 = Debug|Any CPU
		{64D405B0-C372-4314-80AD-33058A90D813}.Release|Any CPU.ActiveCfg = Release|Any CPU
		{64D405B0-C372-4314-80AD-33058A90D813}.Release|Any CPU.Build.0 = Release|Any CPU
		{0B124DD3-6141-4A7E-936A-07D0CE0994EE}.Debug|Any CPU.ActiveCfg = Debug|Any CPU
		{0B124DD3-6141-4A7E-936A-07D0CE0994EE}.Debug|Any CPU.Build.0 = Debug|Any CPU
		{0B124DD3-6141-4A7E-936A-07D0CE0994EE}.Release|Any CPU.ActiveCfg = Release|Any CPU
		{0B124DD3-6141-4A7E-936A-07D0CE0994EE}.Release|Any CPU.Build.0 = Release|Any CPU
	EndGlobalSection
	GlobalSection(SolutionProperties) = preSolution
		HideSolutionNode = FALSE
	EndGlobalSection
	GlobalSection(ExtensibilityGlobals) = postSolution
		SolutionGuid = {4B3FF1CC-3A26-4D70-9DD8-9BAAA557125C}
	EndGlobalSection
EndGlobal
