
Microsoft Visual Studio Solution File, Format Version 12.00
# Visual Studio 15
VisualStudioVersion = 15.0.28307.421
MinimumVisualStudioVersion = 10.0.40219.1
Project("{FAE04EC0-301F-11D3-BF4B-00C04F79EFBC}") = "P01-SinoTheWalker", "P01-SinoTheWalker\P01-SinoTheWalker.csproj", "{46E0D4A3-D0D8-4C92-ADA8-E7E311D01558}"
EndProject
Project("{FAE04EC0-301F-11D3-BF4B-00C04F79EFBC}") = "P02-SoftUniKaraoke", "P02-SoftUniKaraoke\P02-SoftUniKaraoke.csproj", "{C07FAEED-28DB-4A31-AA8C-CF6551A5692C}"
EndProject
Project("{9A19103F-16F7-4668-BE54-9A1E7A4F7556}") = "P03-EnduranceRally", "P03-EnduranceRally\P03-EnduranceRally.csproj", "{22E6AB96-42C8-481B-BE29-B8A2E61EAF49}"
EndProject
Project("{FAE04EC0-301F-11D3-BF4B-00C04F79EFBC}") = "P04-WinningTicket", "P04-WinningTicket\P04-WinningTicket.csproj", "{E7B23F69-BCF9-47E9-AC79-D6E86EC65163}"
EndProject
Global
	GlobalSection(SolutionConfigurationPlatforms) = preSolution
		Debug|Any CPU = Debug|Any CPU
		Release|Any CPU = Release|Any CPU
	EndGlobalSection
	GlobalSection(ProjectConfigurationPlatforms) = postSolution
		{46E0D4A3-D0D8-4C92-ADA8-E7E311D01558}.Debug|Any CPU.ActiveCfg = Debug|Any CPU
		{46E0D4A3-D0D8-4C92-ADA8-E7E311D01558}.Debug|Any CPU.Build.0 = Debug|Any CPU
		{46E0D4A3-D0D8-4C92-ADA8-E7E311D01558}.Release|Any CPU.ActiveCfg = Release|Any CPU
		{46E0D4A3-D0D8-4C92-ADA8-E7E311D01558}.Release|Any CPU.Build.0 = Release|Any CPU
		{C07FAEED-28DB-4A31-AA8C-CF6551A5692C}.Debug|Any CPU.ActiveCfg = Debug|Any CPU
		{C07FAEED-28DB-4A31-AA8C-CF6551A5692C}.Debug|Any CPU.Build.0 = Debug|Any CPU
		{C07FAEED-28DB-4A31-AA8C-CF6551A5692C}.Release|Any CPU.ActiveCfg = Release|Any CPU
		{C07FAEED-28DB-4A31-AA8C-CF6551A5692C}.Release|Any CPU.Build.0 = Release|Any CPU
		{22E6AB96-42C8-481B-BE29-B8A2E61EAF49}.Debug|Any CPU.ActiveCfg = Debug|Any CPU
		{22E6AB96-42C8-481B-BE29-B8A2E61EAF49}.Debug|Any CPU.Build.0 = Debug|Any CPU
		{22E6AB96-42C8-481B-BE29-B8A2E61EAF49}.Release|Any CPU.ActiveCfg = Release|Any CPU
		{22E6AB96-42C8-481B-BE29-B8A2E61EAF49}.Release|Any CPU.Build.0 = Release|Any CPU
		{E7B23F69-BCF9-47E9-AC79-D6E86EC65163}.Debug|Any CPU.ActiveCfg = Debug|Any CPU
		{E7B23F69-BCF9-47E9-AC79-D6E86EC65163}.Debug|Any CPU.Build.0 = Debug|Any CPU
		{E7B23F69-BCF9-47E9-AC79-D6E86EC65163}.Release|Any CPU.ActiveCfg = Release|Any CPU
		{E7B23F69-BCF9-47E9-AC79-D6E86EC65163}.Release|Any CPU.Build.0 = Release|Any CPU
	EndGlobalSection
	GlobalSection(SolutionProperties) = preSolution
		HideSolutionNode = FALSE
	EndGlobalSection
	GlobalSection(ExtensibilityGlobals) = postSolution
		SolutionGuid = {0702B59B-C5A8-451D-A026-AC2E5DAC95FC}
	EndGlobalSection
EndGlobal
