
Microsoft Visual Studio Solution File, Format Version 12.00
# Visual Studio 15
VisualStudioVersion = 15.0.28307.421
MinimumVisualStudioVersion = 10.0.40219.1
Project("{9A19103F-16F7-4668-BE54-9A1E7A4F7556}") = "P01-PokeMon", "P01-PokeMon\P01-PokeMon.csproj", "{C2E3C3D2-16CA-48F0-9AB1-294E78796BDB}"
EndProject
Project("{9A19103F-16F7-4668-BE54-9A1E7A4F7556}") = "P02-PokemonDontGo", "P02-PokemonDontGo\P02-PokemonDontGo.csproj", "{2364EBB0-94F0-4F34-8E14-45454DEB9B53}"
EndProject
Project("{FAE04EC0-301F-11D3-BF4B-00C04F79EFBC}") = "P03-RegexMon", "P03-RegexMon\P03-RegexMon.csproj", "{960D6806-085A-4EDC-93FC-649651579EE3}"
EndProject
Project("{FAE04EC0-301F-11D3-BF4B-00C04F79EFBC}") = "P04-PokemonRevolution", "P04-PokemonRevolution\P04-PokemonRevolution.csproj", "{53E65C7F-B287-44FA-9790-35AF85AFA927}"
EndProject
Global
	GlobalSection(SolutionConfigurationPlatforms) = preSolution
		Debug|Any CPU = Debug|Any CPU
		Release|Any CPU = Release|Any CPU
	EndGlobalSection
	GlobalSection(ProjectConfigurationPlatforms) = postSolution
		{C2E3C3D2-16CA-48F0-9AB1-294E78796BDB}.Debug|Any CPU.ActiveCfg = Debug|Any CPU
		{C2E3C3D2-16CA-48F0-9AB1-294E78796BDB}.Debug|Any CPU.Build.0 = Debug|Any CPU
		{C2E3C3D2-16CA-48F0-9AB1-294E78796BDB}.Release|Any CPU.ActiveCfg = Release|Any CPU
		{C2E3C3D2-16CA-48F0-9AB1-294E78796BDB}.Release|Any CPU.Build.0 = Release|Any CPU
		{2364EBB0-94F0-4F34-8E14-45454DEB9B53}.Debug|Any CPU.ActiveCfg = Debug|Any CPU
		{2364EBB0-94F0-4F34-8E14-45454DEB9B53}.Debug|Any CPU.Build.0 = Debug|Any CPU
		{2364EBB0-94F0-4F34-8E14-45454DEB9B53}.Release|Any CPU.ActiveCfg = Release|Any CPU
		{2364EBB0-94F0-4F34-8E14-45454DEB9B53}.Release|Any CPU.Build.0 = Release|Any CPU
		{960D6806-085A-4EDC-93FC-649651579EE3}.Debug|Any CPU.ActiveCfg = Debug|Any CPU
		{960D6806-085A-4EDC-93FC-649651579EE3}.Debug|Any CPU.Build.0 = Debug|Any CPU
		{960D6806-085A-4EDC-93FC-649651579EE3}.Release|Any CPU.ActiveCfg = Release|Any CPU
		{960D6806-085A-4EDC-93FC-649651579EE3}.Release|Any CPU.Build.0 = Release|Any CPU
		{53E65C7F-B287-44FA-9790-35AF85AFA927}.Debug|Any CPU.ActiveCfg = Debug|Any CPU
		{53E65C7F-B287-44FA-9790-35AF85AFA927}.Debug|Any CPU.Build.0 = Debug|Any CPU
		{53E65C7F-B287-44FA-9790-35AF85AFA927}.Release|Any CPU.ActiveCfg = Release|Any CPU
		{53E65C7F-B287-44FA-9790-35AF85AFA927}.Release|Any CPU.Build.0 = Release|Any CPU
	EndGlobalSection
	GlobalSection(SolutionProperties) = preSolution
		HideSolutionNode = FALSE
	EndGlobalSection
	GlobalSection(ExtensibilityGlobals) = postSolution
		SolutionGuid = {D421E31C-C529-4E3C-8927-AAE0DF7F1C40}
	EndGlobalSection
EndGlobal
