
Microsoft Visual Studio Solution File, Format Version 12.00
# Visual Studio 15
VisualStudioVersion = 15.0.28307.168
MinimumVisualStudioVersion = 10.0.40219.1
Project("{9A19103F-16F7-4668-BE54-9A1E7A4F7556}") = "Ranking", "Ranking\Ranking.csproj", "{15A7FAC4-BFE7-44D6-8B44-58F69F3953AD}"
EndProject
Project("{9A19103F-16F7-4668-BE54-9A1E7A4F7556}") = "CountChars", "CountChars\CountChars.csproj", "{830FB0EC-0D74-4EC3-A9C4-C393F842816E}"
EndProject
Project("{9A19103F-16F7-4668-BE54-9A1E7A4F7556}") = "MinerTask", "MinerTask\MinerTask.csproj", "{9CC5900F-6EE2-4A20-8B2B-4611F97BD76A}"
EndProject
Project("{9A19103F-16F7-4668-BE54-9A1E7A4F7556}") = "LegendaryFarming", "LegendaryFarming\LegendaryFarming.csproj", "{B411E049-C6C1-48D7-B8E4-784C7695D0EF}"
EndProject
Project("{9A19103F-16F7-4668-BE54-9A1E7A4F7556}") = "Orders", "Orders\Orders.csproj", "{4BAE611D-F116-44CC-A9FE-9A0A03AC689F}"
EndProject
Project("{9A19103F-16F7-4668-BE54-9A1E7A4F7556}") = "SoftUniParking", "SoftUniParking\SoftUniParking.csproj", "{01AA4F67-0224-4FBC-B4E7-6E64737F70FE}"
EndProject
Project("{9A19103F-16F7-4668-BE54-9A1E7A4F7556}") = "Courses", "Courses\Courses.csproj", "{322F540E-A79B-44BA-ADAF-AA5A7C98A34B}"
EndProject
Project("{9A19103F-16F7-4668-BE54-9A1E7A4F7556}") = "StudentAcademy", "StudentAcademy\StudentAcademy.csproj", "{7BFF0E4F-C63C-4BA5-B189-5D5C9E7C0074}"
EndProject
Project("{9A19103F-16F7-4668-BE54-9A1E7A4F7556}") = "CompanyUsers", "CompanyUsers\CompanyUsers.csproj", "{1B4BF27B-6FA3-483F-9176-46E18E088237}"
EndProject
Project("{9A19103F-16F7-4668-BE54-9A1E7A4F7556}") = "ForceBook", "ForceBook\ForceBook.csproj", "{9B6CAED5-67D7-41DC-BEA9-EF44E8CF8630}"
EndProject
Project("{9A19103F-16F7-4668-BE54-9A1E7A4F7556}") = "SoftUniExamResults", "SoftUniExamResults\SoftUniExamResults.csproj", "{C702F132-9984-4609-9742-6F5250786962}"
EndProject
Project("{9A19103F-16F7-4668-BE54-9A1E7A4F7556}") = "BakingFactory", "BakingFactory\BakingFactory.csproj", "{92DD7523-7674-4968-85F2-3837A4753BB8}"
EndProject
Project("{9A19103F-16F7-4668-BE54-9A1E7A4F7556}") = "Judge", "Judge\Judge.csproj", "{27903433-E8E5-4E7D-BFC6-1C3F0CEA8C6A}"
EndProject
Project("{9A19103F-16F7-4668-BE54-9A1E7A4F7556}") = "MOBA_Challenger", "MOBA_Challenger\MOBA_Challenger.csproj", "{CCB7549F-9C70-40B3-839A-81C43791DF91}"
EndProject
Project("{9A19103F-16F7-4668-BE54-9A1E7A4F7556}") = "SnowWhite1", "SnowWhite1\SnowWhite1.csproj", "{F7DC065C-28C6-491B-9992-0DFC46B0F78A}"
EndProject
Project("{9A19103F-16F7-4668-BE54-9A1E7A4F7556}") = "SnowWhite", "SnowWhite\SnowWhite.csproj", "{07A02772-2A31-41C8-A074-141A3701542E}"
EndProject
Project("{9A19103F-16F7-4668-BE54-9A1E7A4F7556}") = "DragonArmy", "DragonArmy\DragonArmy.csproj", "{FBCCEF76-94E3-4F57-A497-98438BAF19A7}"
EndProject
Project("{9A19103F-16F7-4668-BE54-9A1E7A4F7556}") = "SnowWhite2", "SnowWhite2\SnowWhite2.csproj", "{A0E8F9D8-4BB2-4F7E-BFC4-AFF8EAB4799C}"
EndProject
Project("{FAE04EC0-301F-11D3-BF4B-00C04F79EFBC}") = "SnowWhite3", "SnowWhite3\SnowWhite3.csproj", "{C149449F-825E-41F7-9B59-B7B5288142CF}"
EndProject
Global
	GlobalSection(SolutionConfigurationPlatforms) = preSolution
		Debug|Any CPU = Debug|Any CPU
		Release|Any CPU = Release|Any CPU
	EndGlobalSection
	GlobalSection(ProjectConfigurationPlatforms) = postSolution
		{15A7FAC4-BFE7-44D6-8B44-58F69F3953AD}.Debug|Any CPU.ActiveCfg = Debug|Any CPU
		{15A7FAC4-BFE7-44D6-8B44-58F69F3953AD}.Debug|Any CPU.Build.0 = Debug|Any CPU
		{15A7FAC4-BFE7-44D6-8B44-58F69F3953AD}.Release|Any CPU.ActiveCfg = Release|Any CPU
		{15A7FAC4-BFE7-44D6-8B44-58F69F3953AD}.Release|Any CPU.Build.0 = Release|Any CPU
		{830FB0EC-0D74-4EC3-A9C4-C393F842816E}.Debug|Any CPU.ActiveCfg = Debug|Any CPU
		{830FB0EC-0D74-4EC3-A9C4-C393F842816E}.Debug|Any CPU.Build.0 = Debug|Any CPU
		{830FB0EC-0D74-4EC3-A9C4-C393F842816E}.Release|Any CPU.ActiveCfg = Release|Any CPU
		{830FB0EC-0D74-4EC3-A9C4-C393F842816E}.Release|Any CPU.Build.0 = Release|Any CPU
		{9CC5900F-6EE2-4A20-8B2B-4611F97BD76A}.Debug|Any CPU.ActiveCfg = Debug|Any CPU
		{9CC5900F-6EE2-4A20-8B2B-4611F97BD76A}.Debug|Any CPU.Build.0 = Debug|Any CPU
		{9CC5900F-6EE2-4A20-8B2B-4611F97BD76A}.Release|Any CPU.ActiveCfg = Release|Any CPU
		{9CC5900F-6EE2-4A20-8B2B-4611F97BD76A}.Release|Any CPU.Build.0 = Release|Any CPU
		{B411E049-C6C1-48D7-B8E4-784C7695D0EF}.Debug|Any CPU.ActiveCfg = Debug|Any CPU
		{B411E049-C6C1-48D7-B8E4-784C7695D0EF}.Debug|Any CPU.Build.0 = Debug|Any CPU
		{B411E049-C6C1-48D7-B8E4-784C7695D0EF}.Release|Any CPU.ActiveCfg = Release|Any CPU
		{B411E049-C6C1-48D7-B8E4-784C7695D0EF}.Release|Any CPU.Build.0 = Release|Any CPU
		{4BAE611D-F116-44CC-A9FE-9A0A03AC689F}.Debug|Any CPU.ActiveCfg = Debug|Any CPU
		{4BAE611D-F116-44CC-A9FE-9A0A03AC689F}.Debug|Any CPU.Build.0 = Debug|Any CPU
		{4BAE611D-F116-44CC-A9FE-9A0A03AC689F}.Release|Any CPU.ActiveCfg = Release|Any CPU
		{4BAE611D-F116-44CC-A9FE-9A0A03AC689F}.Release|Any CPU.Build.0 = Release|Any CPU
		{01AA4F67-0224-4FBC-B4E7-6E64737F70FE}.Debug|Any CPU.ActiveCfg = Debug|Any CPU
		{01AA4F67-0224-4FBC-B4E7-6E64737F70FE}.Debug|Any CPU.Build.0 = Debug|Any CPU
		{01AA4F67-0224-4FBC-B4E7-6E64737F70FE}.Release|Any CPU.ActiveCfg = Release|Any CPU
		{01AA4F67-0224-4FBC-B4E7-6E64737F70FE}.Release|Any CPU.Build.0 = Release|Any CPU
		{322F540E-A79B-44BA-ADAF-AA5A7C98A34B}.Debug|Any CPU.ActiveCfg = Debug|Any CPU
		{322F540E-A79B-44BA-ADAF-AA5A7C98A34B}.Debug|Any CPU.Build.0 = Debug|Any CPU
		{322F540E-A79B-44BA-ADAF-AA5A7C98A34B}.Release|Any CPU.ActiveCfg = Release|Any CPU
		{322F540E-A79B-44BA-ADAF-AA5A7C98A34B}.Release|Any CPU.Build.0 = Release|Any CPU
		{7BFF0E4F-C63C-4BA5-B189-5D5C9E7C0074}.Debug|Any CPU.ActiveCfg = Debug|Any CPU
		{7BFF0E4F-C63C-4BA5-B189-5D5C9E7C0074}.Debug|Any CPU.Build.0 = Debug|Any CPU
		{7BFF0E4F-C63C-4BA5-B189-5D5C9E7C0074}.Release|Any CPU.ActiveCfg = Release|Any CPU
		{7BFF0E4F-C63C-4BA5-B189-5D5C9E7C0074}.Release|Any CPU.Build.0 = Release|Any CPU
		{1B4BF27B-6FA3-483F-9176-46E18E088237}.Debug|Any CPU.ActiveCfg = Debug|Any CPU
		{1B4BF27B-6FA3-483F-9176-46E18E088237}.Debug|Any CPU.Build.0 = Debug|Any CPU
		{1B4BF27B-6FA3-483F-9176-46E18E088237}.Release|Any CPU.ActiveCfg = Release|Any CPU
		{1B4BF27B-6FA3-483F-9176-46E18E088237}.Release|Any CPU.Build.0 = Release|Any CPU
		{9B6CAED5-67D7-41DC-BEA9-EF44E8CF8630}.Debug|Any CPU.ActiveCfg = Debug|Any CPU
		{9B6CAED5-67D7-41DC-BEA9-EF44E8CF8630}.Debug|Any CPU.Build.0 = Debug|Any CPU
		{9B6CAED5-67D7-41DC-BEA9-EF44E8CF8630}.Release|Any CPU.ActiveCfg = Release|Any CPU
		{9B6CAED5-67D7-41DC-BEA9-EF44E8CF8630}.Release|Any CPU.Build.0 = Release|Any CPU
		{C702F132-9984-4609-9742-6F5250786962}.Debug|Any CPU.ActiveCfg = Debug|Any CPU
		{C702F132-9984-4609-9742-6F5250786962}.Debug|Any CPU.Build.0 = Debug|Any CPU
		{C702F132-9984-4609-9742-6F5250786962}.Release|Any CPU.ActiveCfg = Release|Any CPU
		{C702F132-9984-4609-9742-6F5250786962}.Release|Any CPU.Build.0 = Release|Any CPU
		{92DD7523-7674-4968-85F2-3837A4753BB8}.Debug|Any CPU.ActiveCfg = Debug|Any CPU
		{92DD7523-7674-4968-85F2-3837A4753BB8}.Debug|Any CPU.Build.0 = Debug|Any CPU
		{92DD7523-7674-4968-85F2-3837A4753BB8}.Release|Any CPU.ActiveCfg = Release|Any CPU
		{92DD7523-7674-4968-85F2-3837A4753BB8}.Release|Any CPU.Build.0 = Release|Any CPU
		{27903433-E8E5-4E7D-BFC6-1C3F0CEA8C6A}.Debug|Any CPU.ActiveCfg = Debug|Any CPU
		{27903433-E8E5-4E7D-BFC6-1C3F0CEA8C6A}.Debug|Any CPU.Build.0 = Debug|Any CPU
		{27903433-E8E5-4E7D-BFC6-1C3F0CEA8C6A}.Release|Any CPU.ActiveCfg = Release|Any CPU
		{27903433-E8E5-4E7D-BFC6-1C3F0CEA8C6A}.Release|Any CPU.Build.0 = Release|Any CPU
		{CCB7549F-9C70-40B3-839A-81C43791DF91}.Debug|Any CPU.ActiveCfg = Debug|Any CPU
		{CCB7549F-9C70-40B3-839A-81C43791DF91}.Debug|Any CPU.Build.0 = Debug|Any CPU
		{CCB7549F-9C70-40B3-839A-81C43791DF91}.Release|Any CPU.ActiveCfg = Release|Any CPU
		{CCB7549F-9C70-40B3-839A-81C43791DF91}.Release|Any CPU.Build.0 = Release|Any CPU
		{F7DC065C-28C6-491B-9992-0DFC46B0F78A}.Debug|Any CPU.ActiveCfg = Debug|Any CPU
		{F7DC065C-28C6-491B-9992-0DFC46B0F78A}.Debug|Any CPU.Build.0 = Debug|Any CPU
		{F7DC065C-28C6-491B-9992-0DFC46B0F78A}.Release|Any CPU.ActiveCfg = Release|Any CPU
		{F7DC065C-28C6-491B-9992-0DFC46B0F78A}.Release|Any CPU.Build.0 = Release|Any CPU
		{07A02772-2A31-41C8-A074-141A3701542E}.Debug|Any CPU.ActiveCfg = Debug|Any CPU
		{07A02772-2A31-41C8-A074-141A3701542E}.Debug|Any CPU.Build.0 = Debug|Any CPU
		{07A02772-2A31-41C8-A074-141A3701542E}.Release|Any CPU.ActiveCfg = Release|Any CPU
		{07A02772-2A31-41C8-A074-141A3701542E}.Release|Any CPU.Build.0 = Release|Any CPU
		{FBCCEF76-94E3-4F57-A497-98438BAF19A7}.Debug|Any CPU.ActiveCfg = Debug|Any CPU
		{FBCCEF76-94E3-4F57-A497-98438BAF19A7}.Debug|Any CPU.Build.0 = Debug|Any CPU
		{FBCCEF76-94E3-4F57-A497-98438BAF19A7}.Release|Any CPU.ActiveCfg = Release|Any CPU
		{FBCCEF76-94E3-4F57-A497-98438BAF19A7}.Release|Any CPU.Build.0 = Release|Any CPU
		{A0E8F9D8-4BB2-4F7E-BFC4-AFF8EAB4799C}.Debug|Any CPU.ActiveCfg = Debug|Any CPU
		{A0E8F9D8-4BB2-4F7E-BFC4-AFF8EAB4799C}.Debug|Any CPU.Build.0 = Debug|Any CPU
		{A0E8F9D8-4BB2-4F7E-BFC4-AFF8EAB4799C}.Release|Any CPU.ActiveCfg = Release|Any CPU
		{A0E8F9D8-4BB2-4F7E-BFC4-AFF8EAB4799C}.Release|Any CPU.Build.0 = Release|Any CPU
		{C149449F-825E-41F7-9B59-B7B5288142CF}.Debug|Any CPU.ActiveCfg = Debug|Any CPU
		{C149449F-825E-41F7-9B59-B7B5288142CF}.Debug|Any CPU.Build.0 = Debug|Any CPU
		{C149449F-825E-41F7-9B59-B7B5288142CF}.Release|Any CPU.ActiveCfg = Release|Any CPU
		{C149449F-825E-41F7-9B59-B7B5288142CF}.Release|Any CPU.Build.0 = Release|Any CPU
	EndGlobalSection
	GlobalSection(SolutionProperties) = preSolution
		HideSolutionNode = FALSE
	EndGlobalSection
	GlobalSection(ExtensibilityGlobals) = postSolution
		SolutionGuid = {EC23EBEA-1AF9-49BD-9543-B294CA61F6F1}
	EndGlobalSection
EndGlobal
