
Microsoft Visual Studio Solution File, Format Version 12.00
# Visual Studio 15
VisualStudioVersion = 15.0.28307.271
MinimumVisualStudioVersion = 10.0.40219.1
Project("{9A19103F-16F7-4668-BE54-9A1E7A4F7556}") = "Reverse Strings", "Reverse Strings\Reverse Strings.csproj", "{8E07539E-7FDC-4373-91AC-9091EF520007}"
EndProject
Project("{9A19103F-16F7-4668-BE54-9A1E7A4F7556}") = "RepeatStrings", "RepeatStrings\RepeatStrings.csproj", "{5B539032-914B-4263-9EFF-CE34B7BE6258}"
EndProject
Project("{9A19103F-16F7-4668-BE54-9A1E7A4F7556}") = "Substring", "Substring\Substring.csproj", "{F3144C7D-19BA-462A-8DC8-E51C0EEABF7B}"
EndProject
Project("{9A19103F-16F7-4668-BE54-9A1E7A4F7556}") = "TextFilter", "TextFilter\TextFilter.csproj", "{05F17D59-5B9D-4273-9D4F-EB5C34A57290}"
EndProject
Project("{9A19103F-16F7-4668-BE54-9A1E7A4F7556}") = "DigitsLettersOther", "DigitsLettersOther\DigitsLettersOther.csproj", "{7072194E-2138-4028-A53E-0D44573A3BE9}"
EndProject
Project("{9A19103F-16F7-4668-BE54-9A1E7A4F7556}") = "OutputEnconding", "OutputEnconding\OutputEnconding.csproj", "{D150AE83-0ECD-4C2D-8DA1-2955349F25BB}"
EndProject
Project("{FAE04EC0-301F-11D3-BF4B-00C04F79EFBC}") = "SubstringReplaceText", "SubstringReplaceText\SubstringReplaceText.csproj", "{7E92B39C-A63B-419E-9380-46713908B0E7}"
EndProject
Global
	GlobalSection(SolutionConfigurationPlatforms) = preSolution
		Debug|Any CPU = Debug|Any CPU
		Release|Any CPU = Release|Any CPU
	EndGlobalSection
	GlobalSection(ProjectConfigurationPlatforms) = postSolution
		{8E07539E-7FDC-4373-91AC-9091EF520007}.Debug|Any CPU.ActiveCfg = Debug|Any CPU
		{8E07539E-7FDC-4373-91AC-9091EF520007}.Debug|Any CPU.Build.0 = Debug|Any CPU
		{8E07539E-7FDC-4373-91AC-9091EF520007}.Release|Any CPU.ActiveCfg = Release|Any CPU
		{8E07539E-7FDC-4373-91AC-9091EF520007}.Release|Any CPU.Build.0 = Release|Any CPU
		{5B539032-914B-4263-9EFF-CE34B7BE6258}.Debug|Any CPU.ActiveCfg = Debug|Any CPU
		{5B539032-914B-4263-9EFF-CE34B7BE6258}.Debug|Any CPU.Build.0 = Debug|Any CPU
		{5B539032-914B-4263-9EFF-CE34B7BE6258}.Release|Any CPU.ActiveCfg = Release|Any CPU
		{5B539032-914B-4263-9EFF-CE34B7BE6258}.Release|Any CPU.Build.0 = Release|Any CPU
		{F3144C7D-19BA-462A-8DC8-E51C0EEABF7B}.Debug|Any CPU.ActiveCfg = Debug|Any CPU
		{F3144C7D-19BA-462A-8DC8-E51C0EEABF7B}.Debug|Any CPU.Build.0 = Debug|Any CPU
		{F3144C7D-19BA-462A-8DC8-E51C0EEABF7B}.Release|Any CPU.ActiveCfg = Release|Any CPU
		{F3144C7D-19BA-462A-8DC8-E51C0EEABF7B}.Release|Any CPU.Build.0 = Release|Any CPU
		{05F17D59-5B9D-4273-9D4F-EB5C34A57290}.Debug|Any CPU.ActiveCfg = Debug|Any CPU
		{05F17D59-5B9D-4273-9D4F-EB5C34A57290}.Debug|Any CPU.Build.0 = Debug|Any CPU
		{05F17D59-5B9D-4273-9D4F-EB5C34A57290}.Release|Any CPU.ActiveCfg = Release|Any CPU
		{05F17D59-5B9D-4273-9D4F-EB5C34A57290}.Release|Any CPU.Build.0 = Release|Any CPU
		{7072194E-2138-4028-A53E-0D44573A3BE9}.Debug|Any CPU.ActiveCfg = Debug|Any CPU
		{7072194E-2138-4028-A53E-0D44573A3BE9}.Debug|Any CPU.Build.0 = Debug|Any CPU
		{7072194E-2138-4028-A53E-0D44573A3BE9}.Release|Any CPU.ActiveCfg = Release|Any CPU
		{7072194E-2138-4028-A53E-0D44573A3BE9}.Release|Any CPU.Build.0 = Release|Any CPU
		{D150AE83-0ECD-4C2D-8DA1-2955349F25BB}.Debug|Any CPU.ActiveCfg = Debug|Any CPU
		{D150AE83-0ECD-4C2D-8DA1-2955349F25BB}.Debug|Any CPU.Build.0 = Debug|Any CPU
		{D150AE83-0ECD-4C2D-8DA1-2955349F25BB}.Release|Any CPU.ActiveCfg = Release|Any CPU
		{D150AE83-0ECD-4C2D-8DA1-2955349F25BB}.Release|Any CPU.Build.0 = Release|Any CPU
		{7E92B39C-A63B-419E-9380-46713908B0E7}.Debug|Any CPU.ActiveCfg = Debug|Any CPU
		{7E92B39C-A63B-419E-9380-46713908B0E7}.Debug|Any CPU.Build.0 = Debug|Any CPU
		{7E92B39C-A63B-419E-9380-46713908B0E7}.Release|Any CPU.ActiveCfg = Release|Any CPU
		{7E92B39C-A63B-419E-9380-46713908B0E7}.Release|Any CPU.Build.0 = Release|Any CPU
	EndGlobalSection
	GlobalSection(SolutionProperties) = preSolution
		HideSolutionNode = FALSE
	EndGlobalSection
	GlobalSection(ExtensibilityGlobals) = postSolution
		SolutionGuid = {18B365A4-2F51-40BF-8653-DC42DBB2CF89}
	EndGlobalSection
EndGlobal
