
Microsoft Visual Studio Solution File, Format Version 12.00
# Visual Studio 15
VisualStudioVersion = 15.0.28307.421
MinimumVisualStudioVersion = 10.0.40219.1
Project("{9A19103F-16F7-4668-BE54-9A1E7A4F7556}") = "P01-HornetWings", "P01-HornetWings\P01-HornetWings.csproj", "{F38549FD-E595-4024-BF9A-9ED503E83B32}"
EndProject
Project("{9A19103F-16F7-4668-BE54-9A1E7A4F7556}") = "P02-HornetComm", "P02-HornetComm\P02-HornetComm.csproj", "{8133E5A3-0A6B-484F-9FE3-206FEEB08480}"
EndProject
Project("{9A19103F-16F7-4668-BE54-9A1E7A4F7556}") = "P03-HornetAssault", "P03-HornetAssault\P03-HornetAssault.csproj", "{DEBC98EB-AB80-4E71-BB64-71F4EE618A0E}"
EndProject
Project("{9A19103F-16F7-4668-BE54-9A1E7A4F7556}") = "P04-HornetArmada", "P04-HornetArmada\P04-HornetArmada.csproj", "{CA28F273-19C4-45AD-8FE9-BDBB2EDF6EE5}"
EndProject
Project("{FAE04EC0-301F-11D3-BF4B-00C04F79EFBC}") = "P04-HornetArmada2", "P04-HornetArmada2\P04-HornetArmada2.csproj", "{030C57BF-0562-470D-AEFE-74489793812E}"
EndProject
Global
	GlobalSection(SolutionConfigurationPlatforms) = preSolution
		Debug|Any CPU = Debug|Any CPU
		Release|Any CPU = Release|Any CPU
	EndGlobalSection
	GlobalSection(ProjectConfigurationPlatforms) = postSolution
		{F38549FD-E595-4024-BF9A-9ED503E83B32}.Debug|Any CPU.ActiveCfg = Debug|Any CPU
		{F38549FD-E595-4024-BF9A-9ED503E83B32}.Debug|Any CPU.Build.0 = Debug|Any CPU
		{F38549FD-E595-4024-BF9A-9ED503E83B32}.Release|Any CPU.ActiveCfg = Release|Any CPU
		{F38549FD-E595-4024-BF9A-9ED503E83B32}.Release|Any CPU.Build.0 = Release|Any CPU
		{8133E5A3-0A6B-484F-9FE3-206FEEB08480}.Debug|Any CPU.ActiveCfg = Debug|Any CPU
		{8133E5A3-0A6B-484F-9FE3-206FEEB08480}.Debug|Any CPU.Build.0 = Debug|Any CPU
		{8133E5A3-0A6B-484F-9FE3-206FEEB08480}.Release|Any CPU.ActiveCfg = Release|Any CPU
		{8133E5A3-0A6B-484F-9FE3-206FEEB08480}.Release|Any CPU.Build.0 = Release|Any CPU
		{DEBC98EB-AB80-4E71-BB64-71F4EE618A0E}.Debug|Any CPU.ActiveCfg = Debug|Any CPU
		{DEBC98EB-AB80-4E71-BB64-71F4EE618A0E}.Debug|Any CPU.Build.0 = Debug|Any CPU
		{DEBC98EB-AB80-4E71-BB64-71F4EE618A0E}.Release|Any CPU.ActiveCfg = Release|Any CPU
		{DEBC98EB-AB80-4E71-BB64-71F4EE618A0E}.Release|Any CPU.Build.0 = Release|Any CPU
		{CA28F273-19C4-45AD-8FE9-BDBB2EDF6EE5}.Debug|Any CPU.ActiveCfg = Debug|Any CPU
		{CA28F273-19C4-45AD-8FE9-BDBB2EDF6EE5}.Debug|Any CPU.Build.0 = Debug|Any CPU
		{CA28F273-19C4-45AD-8FE9-BDBB2EDF6EE5}.Release|Any CPU.ActiveCfg = Release|Any CPU
		{CA28F273-19C4-45AD-8FE9-BDBB2EDF6EE5}.Release|Any CPU.Build.0 = Release|Any CPU
		{030C57BF-0562-470D-AEFE-74489793812E}.Debug|Any CPU.ActiveCfg = Debug|Any CPU
		{030C57BF-0562-470D-AEFE-74489793812E}.Debug|Any CPU.Build.0 = Debug|Any CPU
		{030C57BF-0562-470D-AEFE-74489793812E}.Release|Any CPU.ActiveCfg = Release|Any CPU
		{030C57BF-0562-470D-AEFE-74489793812E}.Release|Any CPU.Build.0 = Release|Any CPU
	EndGlobalSection
	GlobalSection(SolutionProperties) = preSolution
		HideSolutionNode = FALSE
	EndGlobalSection
	GlobalSection(ExtensibilityGlobals) = postSolution
		SolutionGuid = {D49761B3-44A6-4EAB-A5AC-F9B78379957B}
	EndGlobalSection
EndGlobal
